
Microsoft Visual Studio Solution File, Format Version 12.00
# Visual Studio Version 16
VisualStudioVersion = 16.0.29102.190
MinimumVisualStudioVersion = 10.0.40219.1
Project("{FAE04EC0-301F-11D3-BF4B-00C04F79EFBC}") = "Fila Encadeada", "Fila Encadeada\Fila Encadeada.csproj", "{8C74A12A-38E4-42B1-BA1E-ACB56E90C949}"
EndProject
Global
	GlobalSection(SolutionConfigurationPlatforms) = preSolution
		Debug|Any CPU = Debug|Any CPU
		Release|Any CPU = Release|Any CPU
	EndGlobalSection
	GlobalSection(ProjectConfigurationPlatforms) = postSolution
		{8C74A12A-38E4-42B1-BA1E-ACB56E90C949}.Debug|Any CPU.ActiveCfg = Debug|Any CPU
		{8C74A12A-38E4-42B1-BA1E-ACB56E90C949}.Debug|Any CPU.Build.0 = Debug|Any CPU
		{8C74A12A-38E4-42B1-BA1E-ACB56E90C949}.Release|Any CPU.ActiveCfg = Release|Any CPU
		{8C74A12A-38E4-42B1-BA1E-ACB56E90C949}.Release|Any CPU.Build.0 = Release|Any CPU
	EndGlobalSection
	GlobalSection(SolutionProperties) = preSolution
		HideSolutionNode = FALSE
	EndGlobalSection
	GlobalSection(ExtensibilityGlobals) = postSolution
		SolutionGuid = {679B4C01-7882-4F8B-BF0A-C48A9F56630C}
	EndGlobalSection
EndGlobal
